
Microsoft Visual Studio Solution File, Format Version 12.00
# Visual Studio 14
VisualStudioVersion = 14.0.25420.1
MinimumVisualStudioVersion = 10.0.40219.1
Project("{FAE04EC0-301F-11D3-BF4B-00C04F79EFBC}") = "QA VM Inventory", "vCenter Inventory\QA VM Inventory.csproj", "{48FF6326-959E-4262-BDE6-621FBA637360}"
	ProjectSection(ProjectDependencies) = postProject
		{80F75841-41DD-4287-882D-03957ED21C20} = {80F75841-41DD-4287-882D-03957ED21C20}
		{6FDE5874-21E1-45E9-8075-2BD1E649A2B8} = {6FDE5874-21E1-45E9-8075-2BD1E649A2B8}
	EndProjectSection
EndProject
Project("{FAE04EC0-301F-11D3-BF4B-00C04F79EFBC}") = "NetConnection", "NetConnection\NetConnection.csproj", "{6FDE5874-21E1-45E9-8075-2BD1E649A2B8}"
EndProject
Project("{FAE04EC0-301F-11D3-BF4B-00C04F79EFBC}") = "RegisterVMAsm", "RegisterVMAsm\RegisterVMAsm.csproj", "{80F75841-41DD-4287-882D-03957ED21C20}"
EndProject
Global
	GlobalSection(SolutionConfigurationPlatforms) = preSolution
		Debug|Any CPU = Debug|Any CPU
		Release|Any CPU = Release|Any CPU
	EndGlobalSection
	GlobalSection(ProjectConfigurationPlatforms) = postSolution
		{48FF6326-959E-4262-BDE6-621FBA637360}.Debug|Any CPU.ActiveCfg = Debug|Any CPU
		{48FF6326-959E-4262-BDE6-621FBA637360}.Debug|Any CPU.Build.0 = Debug|Any CPU
		{48FF6326-959E-4262-BDE6-621FBA637360}.Release|Any CPU.ActiveCfg = Release|Any CPU
		{48FF6326-959E-4262-BDE6-621FBA637360}.Release|Any CPU.Build.0 = Release|Any CPU
		{6FDE5874-21E1-45E9-8075-2BD1E649A2B8}.Debug|Any CPU.ActiveCfg = Debug|Any CPU
		{6FDE5874-21E1-45E9-8075-2BD1E649A2B8}.Debug|Any CPU.Build.0 = Debug|Any CPU
		{6FDE5874-21E1-45E9-8075-2BD1E649A2B8}.Release|Any CPU.ActiveCfg = Release|Any CPU
		{6FDE5874-21E1-45E9-8075-2BD1E649A2B8}.Release|Any CPU.Build.0 = Release|Any CPU
		{80F75841-41DD-4287-882D-03957ED21C20}.Debug|Any CPU.ActiveCfg = Debug|Any CPU
		{80F75841-41DD-4287-882D-03957ED21C20}.Debug|Any CPU.Build.0 = Debug|Any CPU
		{80F75841-41DD-4287-882D-03957ED21C20}.Release|Any CPU.ActiveCfg = Release|Any CPU
		{80F75841-41DD-4287-882D-03957ED21C20}.Release|Any CPU.Build.0 = Release|Any CPU
	EndGlobalSection
	GlobalSection(SolutionProperties) = preSolution
		HideSolutionNode = FALSE
	EndGlobalSection
EndGlobal
